
Microsoft Visual Studio Solution File, Format Version 12.00
# Visual Studio Version 16
VisualStudioVersion = 16.0.32802.440
MinimumVisualStudioVersion = 10.0.40219.1
Project("{2150E333-8FDC-42A3-9474-1A3956D46DE8}") = "API", "API", "{7FB5AFAE-00AD-4A0E-9E1C-84D3E54A5314}"
EndProject
Project("{2150E333-8FDC-42A3-9474-1A3956D46DE8}") = "Application", "Application", "{2DAB60D7-5A6B-4CEC-A89D-2D0EA563B334}"
EndProject
Project("{2150E333-8FDC-42A3-9474-1A3956D46DE8}") = "Tools", "Tools", "{BCDD88E8-992E-4798-A26E-12FB1F55E5A5}"
EndProject
Project("{9A19103F-16F7-4668-BE54-9A1E7A4F7556}") = "Models", "Models\Models.csproj", "{0CF171BB-4DC0-470C-AA93-806C7693367C}"
EndProject
Project("{9A19103F-16F7-4668-BE54-9A1E7A4F7556}") = "Services", "Services\Services.csproj", "{61DE7E61-CCF4-4FC4-9A8C-86D8E1C96BA1}"
EndProject
Project("{FAE04EC0-301F-11D3-BF4B-00C04F79EFBC}") = "ServicesTests", "ServicesTests\ServicesTests.csproj", "{6934641D-0F61-4B76-9579-418F3FB8F278}"
EndProject
Project("{FAE04EC0-301F-11D3-BF4B-00C04F79EFBC}") = "PracticeWithTypes", "PracticeWithTypes\PracticeWithTypes.csproj", "{2A6D76C7-6E68-4AA9-8182-5A8DDD0768AC}"
EndProject
Global
	GlobalSection(SolutionConfigurationPlatforms) = preSolution
		Debug|Any CPU = Debug|Any CPU
		Release|Any CPU = Release|Any CPU
	EndGlobalSection
	GlobalSection(ProjectConfigurationPlatforms) = postSolution
		{0CF171BB-4DC0-470C-AA93-806C7693367C}.Debug|Any CPU.ActiveCfg = Debug|Any CPU
		{0CF171BB-4DC0-470C-AA93-806C7693367C}.Debug|Any CPU.Build.0 = Debug|Any CPU
		{0CF171BB-4DC0-470C-AA93-806C7693367C}.Release|Any CPU.ActiveCfg = Release|Any CPU
		{0CF171BB-4DC0-470C-AA93-806C7693367C}.Release|Any CPU.Build.0 = Release|Any CPU
		{61DE7E61-CCF4-4FC4-9A8C-86D8E1C96BA1}.Debug|Any CPU.ActiveCfg = Debug|Any CPU
		{61DE7E61-CCF4-4FC4-9A8C-86D8E1C96BA1}.Debug|Any CPU.Build.0 = Debug|Any CPU
		{61DE7E61-CCF4-4FC4-9A8C-86D8E1C96BA1}.Release|Any CPU.ActiveCfg = Release|Any CPU
		{61DE7E61-CCF4-4FC4-9A8C-86D8E1C96BA1}.Release|Any CPU.Build.0 = Release|Any CPU
		{6934641D-0F61-4B76-9579-418F3FB8F278}.Debug|Any CPU.ActiveCfg = Debug|Any CPU
		{6934641D-0F61-4B76-9579-418F3FB8F278}.Debug|Any CPU.Build.0 = Debug|Any CPU
		{6934641D-0F61-4B76-9579-418F3FB8F278}.Release|Any CPU.ActiveCfg = Release|Any CPU
		{6934641D-0F61-4B76-9579-418F3FB8F278}.Release|Any CPU.Build.0 = Release|Any CPU
		{2A6D76C7-6E68-4AA9-8182-5A8DDD0768AC}.Debug|Any CPU.ActiveCfg = Debug|Any CPU
		{2A6D76C7-6E68-4AA9-8182-5A8DDD0768AC}.Debug|Any CPU.Build.0 = Debug|Any CPU
		{2A6D76C7-6E68-4AA9-8182-5A8DDD0768AC}.Release|Any CPU.ActiveCfg = Release|Any CPU
		{2A6D76C7-6E68-4AA9-8182-5A8DDD0768AC}.Release|Any CPU.Build.0 = Release|Any CPU
	EndGlobalSection
	GlobalSection(SolutionProperties) = preSolution
		HideSolutionNode = FALSE
	EndGlobalSection
	GlobalSection(NestedProjects) = preSolution
		{0CF171BB-4DC0-470C-AA93-806C7693367C} = {2DAB60D7-5A6B-4CEC-A89D-2D0EA563B334}
		{61DE7E61-CCF4-4FC4-9A8C-86D8E1C96BA1} = {2DAB60D7-5A6B-4CEC-A89D-2D0EA563B334}
		{6934641D-0F61-4B76-9579-418F3FB8F278} = {2DAB60D7-5A6B-4CEC-A89D-2D0EA563B334}
		{2A6D76C7-6E68-4AA9-8182-5A8DDD0768AC} = {BCDD88E8-992E-4798-A26E-12FB1F55E5A5}
	EndGlobalSection
	GlobalSection(ExtensibilityGlobals) = postSolution
		SolutionGuid = {0097849E-39FC-49C1-B05C-98D472240A58}
	EndGlobalSection
EndGlobal
